
Microsoft Visual Studio Solution File, Format Version 12.00
# Visual Studio Version 16
VisualStudioVersion = 16.0.31410.223
MinimumVisualStudioVersion = 10.0.40219.1
Project("{FAE04EC0-301F-11D3-BF4B-00C04F79EFBC}") = "ClientCFC-P4-031", "ClientCFC-P4-031\ClientCFC-P4-031.csproj", "{A5F1C7FB-FEE0-458D-9669-3053AF610F7D}"
EndProject
Global
	GlobalSection(SolutionConfigurationPlatforms) = preSolution
		Debug|Any CPU = Debug|Any CPU
		Release|Any CPU = Release|Any CPU
	EndGlobalSection
	GlobalSection(ProjectConfigurationPlatforms) = postSolution
		{A5F1C7FB-FEE0-458D-9669-3053AF610F7D}.Debug|Any CPU.ActiveCfg = Debug|Any CPU
		{A5F1C7FB-FEE0-458D-9669-3053AF610F7D}.Debug|Any CPU.Build.0 = Debug|Any CPU
		{A5F1C7FB-FEE0-458D-9669-3053AF610F7D}.Release|Any CPU.ActiveCfg = Release|Any CPU
		{A5F1C7FB-FEE0-458D-9669-3053AF610F7D}.Release|Any CPU.Build.0 = Release|Any CPU
	EndGlobalSection
	GlobalSection(SolutionProperties) = preSolution
		HideSolutionNode = FALSE
	EndGlobalSection
	GlobalSection(ExtensibilityGlobals) = postSolution
		SolutionGuid = {AD32DD8C-4B84-40B1-8E47-4FA41034A333}
	EndGlobalSection
EndGlobal
